
Microsoft Visual Studio Solution File, Format Version 12.00
# Visual Studio 14
VisualStudioVersion = 14.0.24720.0
MinimumVisualStudioVersion = 10.0.40219.1
Project("{FAE04EC0-301F-11D3-BF4B-00C04F79EFBC}") = "TimbreStation", "TimbreStation\TimbreStation.csproj", "{DF9A2869-41FE-483F-9D9A-B035694B1974}"
EndProject
Project("{FAE04EC0-301F-11D3-BF4B-00C04F79EFBC}") = "TimbreStation.Tests", "TimbreStation.Tests\TimbreStation.Tests.csproj", "{C67F6735-5BFD-41F5-AF17-B36086966AE7}"
EndProject
Global
	GlobalSection(SolutionConfigurationPlatforms) = preSolution
		Debug|Any CPU = Debug|Any CPU
		Release|Any CPU = Release|Any CPU
	EndGlobalSection
	GlobalSection(ProjectConfigurationPlatforms) = postSolution
		{DF9A2869-41FE-483F-9D9A-B035694B1974}.Debug|Any CPU.ActiveCfg = Debug|Any CPU
		{DF9A2869-41FE-483F-9D9A-B035694B1974}.Debug|Any CPU.Build.0 = Debug|Any CPU
		{DF9A2869-41FE-483F-9D9A-B035694B1974}.Release|Any CPU.ActiveCfg = Release|Any CPU
		{DF9A2869-41FE-483F-9D9A-B035694B1974}.Release|Any CPU.Build.0 = Release|Any CPU
		{C67F6735-5BFD-41F5-AF17-B36086966AE7}.Debug|Any CPU.ActiveCfg = Debug|Any CPU
		{C67F6735-5BFD-41F5-AF17-B36086966AE7}.Debug|Any CPU.Build.0 = Debug|Any CPU
		{C67F6735-5BFD-41F5-AF17-B36086966AE7}.Release|Any CPU.ActiveCfg = Release|Any CPU
		{C67F6735-5BFD-41F5-AF17-B36086966AE7}.Release|Any CPU.Build.0 = Release|Any CPU
	EndGlobalSection
	GlobalSection(SolutionProperties) = preSolution
		HideSolutionNode = FALSE
	EndGlobalSection
EndGlobal
